
Microsoft Visual Studio Solution File, Format Version 12.00
# Visual Studio 2013
VisualStudioVersion = 12.0.21005.1
MinimumVisualStudioVersion = 10.0.40219.1
Project("{F184B08F-C81C-45F6-A57F-5ABD9991F28F}") = "Library (VB.NET) - Sorting Algorithms", "Library (VB.NET) - Sorting Algorithms\Library (VB.NET) - Sorting Algorithms.vbproj", "{C928D729-9703-44F9-B1E2-F11D8783A656}"
EndProject
Project("{FAE04EC0-301F-11D3-BF4B-00C04F79EFBC}") = "Library (C Sharp) - Sorting Algorithm", "Library (C Sharp) - Sorting Algorithm\Library (C Sharp) - Sorting Algorithm.csproj", "{635D18B6-D0C8-4F0D-B74C-6E88E932414C}"
EndProject
Project("{FAE04EC0-301F-11D3-BF4B-00C04F79EFBC}") = "Sorting Algorithm - Prequisite (CSHARP FOR VB.NET)", "Sorting Algorithm - Prequisite (CSHARP FOR VB.NET)\Sorting Algorithm - Prequisite (CSHARP FOR VB.NET).csproj", "{63E3187E-9980-4BC3-A05A-B7F25ED5C317}"
EndProject
Global
	GlobalSection(SolutionConfigurationPlatforms) = preSolution
		Debug|Any CPU = Debug|Any CPU
		Release|Any CPU = Release|Any CPU
	EndGlobalSection
	GlobalSection(ProjectConfigurationPlatforms) = postSolution
		{C928D729-9703-44F9-B1E2-F11D8783A656}.Debug|Any CPU.ActiveCfg = Debug|Any CPU
		{C928D729-9703-44F9-B1E2-F11D8783A656}.Debug|Any CPU.Build.0 = Debug|Any CPU
		{C928D729-9703-44F9-B1E2-F11D8783A656}.Release|Any CPU.ActiveCfg = Release|Any CPU
		{C928D729-9703-44F9-B1E2-F11D8783A656}.Release|Any CPU.Build.0 = Release|Any CPU
		{635D18B6-D0C8-4F0D-B74C-6E88E932414C}.Debug|Any CPU.ActiveCfg = Debug|Any CPU
		{635D18B6-D0C8-4F0D-B74C-6E88E932414C}.Debug|Any CPU.Build.0 = Debug|Any CPU
		{635D18B6-D0C8-4F0D-B74C-6E88E932414C}.Release|Any CPU.ActiveCfg = Release|Any CPU
		{635D18B6-D0C8-4F0D-B74C-6E88E932414C}.Release|Any CPU.Build.0 = Release|Any CPU
		{63E3187E-9980-4BC3-A05A-B7F25ED5C317}.Debug|Any CPU.ActiveCfg = Debug|Any CPU
		{63E3187E-9980-4BC3-A05A-B7F25ED5C317}.Debug|Any CPU.Build.0 = Debug|Any CPU
		{63E3187E-9980-4BC3-A05A-B7F25ED5C317}.Release|Any CPU.ActiveCfg = Release|Any CPU
		{63E3187E-9980-4BC3-A05A-B7F25ED5C317}.Release|Any CPU.Build.0 = Release|Any CPU
	EndGlobalSection
	GlobalSection(SolutionProperties) = preSolution
		HideSolutionNode = FALSE
	EndGlobalSection
EndGlobal
