
Microsoft Visual Studio Solution File, Format Version 12.00
# Visual Studio 2013
VisualStudioVersion = 12.0.21005.1
MinimumVisualStudioVersion = 10.0.40219.1
Project("{F184B08F-C81C-45F6-A57F-5ABD9991F28F}") = "School Work 15 - Catch the Bunny!", "School Work 15 - Catch the Bunny!\School Work 15 - Catch the Bunny!.vbproj", "{42AC7B77-C084-4693-B8D3-F23E4A68FCD0}"
EndProject
Global
	GlobalSection(SolutionConfigurationPlatforms) = preSolution
		Debug|Any CPU = Debug|Any CPU
		Release|Any CPU = Release|Any CPU
	EndGlobalSection
	GlobalSection(ProjectConfigurationPlatforms) = postSolution
		{42AC7B77-C084-4693-B8D3-F23E4A68FCD0}.Debug|Any CPU.ActiveCfg = Debug|Any CPU
		{42AC7B77-C084-4693-B8D3-F23E4A68FCD0}.Debug|Any CPU.Build.0 = Debug|Any CPU
		{42AC7B77-C084-4693-B8D3-F23E4A68FCD0}.Release|Any CPU.ActiveCfg = Release|Any CPU
		{42AC7B77-C084-4693-B8D3-F23E4A68FCD0}.Release|Any CPU.Build.0 = Release|Any CPU
	EndGlobalSection
	GlobalSection(SolutionProperties) = preSolution
		HideSolutionNode = FALSE
	EndGlobalSection
EndGlobal
